// !$*UTF8*$!
{
	archiveVersion = 1;
	classes = {
	};
	objectVersion = 46;
	objects = {

/* Begin PBXBuildFile section */
		484E53E91C03F66F0017E92E /* AppDelegate.swift in Sources */ = {isa = PBXBuildFile; fileRef = 484E53E81C03F66F0017E92E /* AppDelegate.swift */; };
		484E53EB1C03F66F0017E92E /* ViewController.swift in Sources */ = {isa = PBXBuildFile; fileRef = 484E53EA1C03F66F0017E92E /* ViewController.swift */; };
		484E53EE1C03F66F0017E92E /* Main.storyboard in Resources */ = {isa = PBXBuildFile; fileRef = 484E53EC1C03F66F0017E92E /* Main.storyboard */; };
		484E53F01C03F66F0017E92E /* Assets.xcassets in Resources */ = {isa = PBXBuildFile; fileRef = 484E53EF1C03F66F0017E92E /* Assets.xcassets */; };
		484E53F31C03F66F0017E92E /* LaunchScreen.storyboard in Resources */ = {isa = PBXBuildFile; fileRef = 484E53F11C03F66F0017E92E /* LaunchScreen.storyboard */; };
		484E53FE1C03F66F0017E92E /* DynamicsTests.swift in Sources */ = {isa = PBXBuildFile; fileRef = 484E53FD1C03F66F0017E92E /* DynamicsTests.swift */; };
		484E54091C03F66F0017E92E /* DynamicsUITests.swift in Sources */ = {isa = PBXBuildFile; fileRef = 484E54081C03F66F0017E92E /* DynamicsUITests.swift */; };
/* End PBXBuildFile section */

/* Begin PBXContainerItemProxy section */
		484E53FA1C03F66F0017E92E /* PBXContainerItemProxy */ = {
			isa = PBXContainerItemProxy;
			containerPortal = 484E53DD1C03F66F0017E92E /* Project object */;
			proxyType = 1;
			remoteGlobalIDString = 484E53E41C03F66F0017E92E;
			remoteInfo = Dynamics;
		};
		484E54051C03F66F0017E92E /* PBXContainerItemProxy */ = {
			isa = PBXContainerItemProxy;
			containerPortal = 484E53DD1C03F66F0017E92E /* Project object */;
			proxyType = 1;
			remoteGlobalIDString = 484E53E41C03F66F0017E92E;
			remoteInfo = Dynamics;
		};
/* End PBXContainerItemProxy section */

/* Begin PBXFileReference section */
		484E53E51C03F66F0017E92E /* Dynamics.app */ = {isa = PBXFileReference; explicitFileType = wrapper.application; includeInIndex = 0; path = Dynamics.app; sourceTree = BUILT_PRODUCTS_DIR; };
		484E53E81C03F66F0017E92E /* AppDelegate.swift */ = {isa = PBXFileReference; lastKnownFileType = sourcecode.swift; path = AppDelegate.swift; sourceTree = "<group>"; };
		484E53EA1C03F66F0017E92E /* ViewController.swift */ = {isa = PBXFileReference; lastKnownFileType = sourcecode.swift; path = ViewController.swift; sourceTree = "<group>"; };
		484E53ED1C03F66F0017E92E /* Base */ = {isa = PBXFileReference; lastKnownFileType = file.storyboard; name = Base; path = Base.lproj/Main.storyboard; sourceTree = "<group>"; };
		484E53EF1C03F66F0017E92E /* Assets.xcassets */ = {isa = PBXFileReference; lastKnownFileType = folder.assetcatalog; path = Assets.xcassets; sourceTree = "<group>"; };
		484E53F21C03F66F0017E92E /* Base */ = {isa = PBXFileReference; lastKnownFileType = file.storyboard; name = Base; path = Base.lproj/LaunchScreen.storyboard; sourceTree = "<group>"; };
		484E53F41C03F66F0017E92E /* Info.plist */ = {isa = PBXFileReference; lastKnownFileType = text.plist.xml; path = Info.plist; sourceTree = "<group>"; };
		484E53F91C03F66F0017E92E /* DynamicsTests.xctest */ = {isa = PBXFileReference; explicitFileType = wrapper.cfbundle; includeInIndex = 0; path = DynamicsTests.xctest; sourceTree = BUILT_PRODUCTS_DIR; };
		484E53FD1C03F66F0017E92E /* DynamicsTests.swift */ = {isa = PBXFileReference; lastKnownFileType = sourcecode.swift; path = DynamicsTests.swift; sourceTree = "<group>"; };
		484E53FF1C03F66F0017E92E /* Info.plist */ = {isa = PBXFileReference; lastKnownFileType = text.plist.xml; path = Info.plist; sourceTree = "<group>"; };
		484E54041C03F66F0017E92E /* DynamicsUITests.xctest */ = {isa = PBXFileReference; explicitFileType = wrapper.cfbundle; includeInIndex = 0; path = DynamicsUITests.xctest; sourceTree = BUILT_PRODUCTS_DIR; };
		484E54081C03F66F0017E92E /* DynamicsUITests.swift */ = {isa = PBXFileReference; lastKnownFileType = sourcecode.swift; path = DynamicsUITests.swift; sourceTree = "<group>"; };
		484E540A1C03F66F0017E92E /* Info.plist */ = {isa = PBXFileReference; lastKnownFileType = text.plist.xml; path = Info.plist; sourceTree = "<group>"; };
/* End PBXFileReference section */

/* Begin PBXFrameworksBuildPhase section */
		484E53E21C03F66F0017E92E /* Frameworks */ = {
			isa = PBXFrameworksBuildPhase;
			buildActionMask = 2147483647;
			files = (
			);
			runOnlyForDeploymentPostprocessing = 0;
		};
		484E53F61C03F66F0017E92E /* Frameworks */ = {
			isa = PBXFrameworksBuildPhase;
			buildActionMask = 2147483647;
			files = (
			);
			runOnlyForDeploymentPostprocessing = 0;
		};
		484E54011C03F66F0017E92E /* Frameworks */ = {
			isa = PBXFrameworksBuildPhase;
			buildActionMask = 2147483647;
			files = (
			);
			runOnlyForDeploymentPostprocessing = 0;
		};
/* End PBXFrameworksBuildPhase section */

/* Begin PBXGroup section */
		484E53DC1C03F66F0017E92E = {
			isa = PBXGroup;
			children = (
				484E53E71C03F66F0017E92E /* Dynamics */,
				484E53FC1C03F66F0017E92E /* DynamicsTests */,
				484E54071C03F66F0017E92E /* DynamicsUITests */,
				484E53E61C03F66F0017E92E /* Products */,
			);
			sourceTree = "<group>";
		};
		484E53E61C03F66F0017E92E /* Products */ = {
			isa = PBXGroup;
			children = (
				484E53E51C03F66F0017E92E /* Dynamics.app */,
				484E53F91C03F66F0017E92E /* DynamicsTests.xctest */,
				484E54041C03F66F0017E92E /* DynamicsUITests.xctest */,
			);
			name = Products;
			sourceTree = "<group>";
		};
		484E53E71C03F66F0017E92E /* Dynamics */ = {
			isa = PBXGroup;
			children = (
				484E53E81C03F66F0017E92E /* AppDelegate.swift */,
				484E53EA1C03F66F0017E92E /* ViewController.swift */,
				484E53EC1C03F66F0017E92E /* Main.storyboard */,
				484E53EF1C03F66F0017E92E /* Assets.xcassets */,
				484E53F11C03F66F0017E92E /* LaunchScreen.storyboard */,
				484E53F41C03F66F0017E92E /* Info.plist */,
			);
			path = Dynamics;
			sourceTree = "<group>";
		};
		484E53FC1C03F66F0017E92E /* DynamicsTests */ = {
			isa = PBXGroup;
			children = (
				484E53FD1C03F66F0017E92E /* DynamicsTests.swift */,
				484E53FF1C03F66F0017E92E /* Info.plist */,
			);
			path = DynamicsTests;
			sourceTree = "<group>";
		};
		484E54071C03F66F0017E92E /* DynamicsUITests */ = {
			isa = PBXGroup;
			children = (
				484E54081C03F66F0017E92E /* DynamicsUITests.swift */,
				484E540A1C03F66F0017E92E /* Info.plist */,
			);
			path = DynamicsUITests;
			sourceTree = "<group>";
		};
/* End PBXGroup section */

/* Begin PBXNativeTarget section */
		484E53E41C03F66F0017E92E /* Dynamics */ = {
			isa = PBXNativeTarget;
			buildConfigurationList = 484E540D1C03F66F0017E92E /* Build configuration list for PBXNativeTarget "Dynamics" */;
			buildPhases = (
				484E53E11C03F66F0017E92E /* Sources */,
				484E53E21C03F66F0017E92E /* Frameworks */,
				484E53E31C03F66F0017E92E /* Resources */,
			);
			buildRules = (
			);
			dependencies = (
			);
			name = Dynamics;
			productName = Dynamics;
			productReference = 484E53E51C03F66F0017E92E /* Dynamics.app */;
			productType = "com.apple.product-type.application";
		};
		484E53F81C03F66F0017E92E /* DynamicsTests */ = {
			isa = PBXNativeTarget;
			buildConfigurationList = 484E54101C03F66F0017E92E /* Build configuration list for PBXNativeTarget "DynamicsTests" */;
			buildPhases = (
				484E53F51C03F66F0017E92E /* Sources */,
				484E53F61C03F66F0017E92E /* Frameworks */,
				484E53F71C03F66F0017E92E /* Resources */,
			);
			buildRules = (
			);
			dependencies = (
				484E53FB1C03F66F0017E92E /* PBXTargetDependency */,
			);
			name = DynamicsTests;
			productName = DynamicsTests;
			productReference = 484E53F91C03F66F0017E92E /* DynamicsTests.xctest */;
			productType = "com.apple.product-type.bundle.unit-test";
		};
		484E54031C03F66F0017E92E /* DynamicsUITests */ = {
			isa = PBXNativeTarget;
			buildConfigurationList = 484E54131C03F66F0017E92E /* Build configuration list for PBXNativeTarget "DynamicsUITests" */;
			buildPhases = (
				484E54001C03F66F0017E92E /* Sources */,
				484E54011C03F66F0017E92E /* Frameworks */,
				484E54021C03F66F0017E92E /* Resources */,
			);
			buildRules = (
			);
			dependencies = (
				484E54061C03F66F0017E92E /* PBXTargetDependency */,
			);
			name = DynamicsUITests;
			productName = DynamicsUITests;
			productReference = 484E54041C03F66F0017E92E /* DynamicsUITests.xctest */;
			productType = "com.apple.product-type.bundle.ui-testing";
		};
/* End PBXNativeTarget section */

/* Begin PBXProject section */
		484E53DD1C03F66F0017E92E /* Project object */ = {
			isa = PBXProject;
			attributes = {
				LastUpgradeCheck = 0700;
				ORGANIZATIONNAME = "Stanley Yang";
				TargetAttributes = {
					484E53E41C03F66F0017E92E = {
						CreatedOnToolsVersion = 7.0.1;
					};
					484E53F81C03F66F0017E92E = {
						CreatedOnToolsVersion = 7.0.1;
						TestTargetID = 484E53E41C03F66F0017E92E;
					};
					484E54031C03F66F0017E92E = {
						CreatedOnToolsVersion = 7.0.1;
						TestTargetID = 484E53E41C03F66F0017E92E;
					};
				};
			};
			buildConfigurationList = 484E53E01C03F66F0017E92E /* Build configuration list for PBXProject "Dynamics" */;
			compatibilityVersion = "Xcode 3.2";
			developmentRegion = English;
			hasScannedForEncodings = 0;
			knownRegions = (
				en,
				Base,
			);
			mainGroup = 484E53DC1C03F66F0017E92E;
			productRefGroup = 484E53E61C03F66F0017E92E /* Products */;
			projectDirPath = "";
			projectRoot = "";
			targets = (
				484E53E41C03F66F0017E92E /* Dynamics */,
				484E53F81C03F66F0017E92E /* DynamicsTests */,
				484E54031C03F66F0017E92E /* DynamicsUITests */,
			);
		};
/* End PBXProject section */

/* Begin PBXResourcesBuildPhase section */
		484E53E31C03F66F0017E92E /* Resources */ = {
			isa = PBXResourcesBuildPhase;
			buildActionMask = 2147483647;
			files = (
				484E53F31C03F66F0017E92E /* LaunchScreen.storyboard in Resources */,
				484E53F01C03F66F0017E92E /* Assets.xcassets in Resources */,
				484E53EE1C03F66F0017E92E /* Main.storyboard in Resources */,
			);
			runOnlyForDeploymentPostprocessing = 0;
		};
		484E53F71C03F66F0017E92E /* Resources */ = {
			isa = PBXResourcesBuildPhase;
			buildActionMask = 2147483647;
			files = (
			);
			runOnlyForDeploymentPostprocessing = 0;
		};
		484E54021C03F66F0017E92E /* Resources */ = {
			isa = PBXResourcesBuildPhase;
			buildActionMask = 2147483647;
			files = (
			);
			runOnlyForDeploymentPostprocessing = 0;
		};
/* End PBXResourcesBuildPhase section */

/* Begin PBXSourcesBuildPhase section */
		484E53E11C03F66F0017E92E /* Sources */ = {
			isa = PBXSourcesBuildPhase;
			buildActionMask = 2147483647;
			files = (
				484E53EB1C03F66F0017E92E /* ViewController.swift in Sources */,
				484E53E91C03F66F0017E92E /* AppDelegate.swift in Sources */,
			);
			runOnlyForDeploymentPostprocessing = 0;
		};
		484E53F51C03F66F0017E92E /* Sources */ = {
			isa = PBXSourcesBuildPhase;
			buildActionMask = 2147483647;
			files = (
				484E53FE1C03F66F0017E92E /* DynamicsTests.swift in Sources */,
			);
			runOnlyForDeploymentPostprocessing = 0;
		};
		484E54001C03F66F0017E92E /* Sources */ = {
			isa = PBXSourcesBuildPhase;
			buildActionMask = 2147483647;
			files = (
				484E54091C03F66F0017E92E /* DynamicsUITests.swift in Sources */,
			);
			runOnlyForDeploymentPostprocessing = 0;
		};
/* End PBXSourcesBuildPhase section */

/* Begin PBXTargetDependency section */
		484E53FB1C03F66F0017E92E /* PBXTargetDependency */ = {
			isa = PBXTargetDependency;
			target = 484E53E41C03F66F0017E92E /* Dynamics */;
			targetProxy = 484E53FA1C03F66F0017E92E /* PBXContainerItemProxy */;
		};
		484E54061C03F66F0017E92E /* PBXTargetDependency */ = {
			isa = PBXTargetDependency;
			target = 484E53E41C03F66F0017E92E /* Dynamics */;
			targetProxy = 484E54051C03F66F0017E92E /* PBXContainerItemProxy */;
		};
/* End PBXTargetDependency section */

/* Begin PBXVariantGroup section */
		484E53EC1C03F66F0017E92E /* Main.storyboard */ = {
			isa = PBXVariantGroup;
			children = (
				484E53ED1C03F66F0017E92E /* Base */,
			);
			name = Main.storyboard;
			sourceTree = "<group>";
		};
		484E53F11C03F66F0017E92E /* LaunchScreen.storyboard */ = {
			isa = PBXVariantGroup;
			children = (
				484E53F21C03F66F0017E92E /* Base */,
			);
			name = LaunchScreen.storyboard;
			sourceTree = "<group>";
		};
/* End PBXVariantGroup section */

/* Begin XCBuildConfiguration section */
		484E540B1C03F66F0017E92E /* Debug */ = {
			isa = XCBuildConfiguration;
			buildSettings = {
				ALWAYS_SEARCH_USER_PATHS = NO;
				CLANG_CXX_LANGUAGE_STANDARD = "gnu++0x";
				CLANG_CXX_LIBRARY = "libc++";
				CLANG_ENABLE_MODULES = YES;
				CLANG_ENABLE_OBJC_ARC = YES;
				CLANG_WARN_BOOL_CONVERSION = YES;
				CLANG_WARN_CONSTANT_CONVERSION = YES;
				CLANG_WARN_DIRECT_OBJC_ISA_USAGE = YES_ERROR;
				CLANG_WARN_EMPTY_BODY = YES;
				CLANG_WARN_ENUM_CONVERSION = YES;
				CLANG_WARN_INT_CONVERSION = YES;
				CLANG_WARN_OBJC_ROOT_CLASS = YES_ERROR;
				CLANG_WARN_UNREACHABLE_CODE = YES;
				CLANG_WARN__DUPLICATE_METHOD_MATCH = YES;
				"CODE_SIGN_IDENTITY[sdk=iphoneos*]" = "iPhone Developer";
				COPY_PHASE_STRIP = NO;
				DEBUG_INFORMATION_FORMAT = dwarf;
				ENABLE_STRICT_OBJC_MSGSEND = YES;
				ENABLE_TESTABILITY = YES;
				GCC_C_LANGUAGE_STANDARD = gnu99;
				GCC_DYNAMIC_NO_PIC = NO;
				GCC_NO_COMMON_BLOCKS = YES;
				GCC_OPTIMIZATION_LEVEL = 0;
				GCC_PREPROCESSOR_DEFINITIONS = (
					"DEBUG=1",
					"$(inherited)",
				);
				GCC_WARN_64_TO_32_BIT_CONVERSION = YES;
				GCC_WARN_ABOUT_RETURN_TYPE = YES_ERROR;
				GCC_WARN_UNDECLARED_SELECTOR = YES;
				GCC_WARN_UNINITIALIZED_AUTOS = YES_AGGRESSIVE;
				GCC_WARN_UNUSED_FUNCTION = YES;
				GCC_WARN_UNUSED_VARIABLE = YES;
				IPHONEOS_DEPLOYMENT_TARGET = 9.0;
				MTL_ENABLE_DEBUG_INFO = YES;
				ONLY_ACTIVE_ARCH = YES;
				SDKROOT = iphoneos;
				SWIFT_OPTIMIZATION_LEVEL = "-Onone";
				TARGETED_DEVICE_FAMILY = "1,2";
			};
			name = Debug;
		};
		484E540C1C03F66F0017E92E /* Release */ = {
			isa = XCBuildConfiguration;
			buildSettings = {
				ALWAYS_SEARCH_USER_PATHS = NO;
				CLANG_CXX_LANGUAGE_STANDARD = "gnu++0x";
				CLANG_CXX_LIBRARY = "libc++";
				CLANG_ENABLE_MODULES = YES;
				CLANG_ENABLE_OBJC_ARC = YES;
				CLANG_WARN_BOOL_CONVERSION = YES;
				CLANG_WARN_CONSTANT_CONVERSION = YES;
				CLANG_WARN_DIRECT_OBJC_ISA_USAGE = YES_ERROR;
				CLANG_WARN_EMPTY_BODY = YES;
				CLANG_WARN_ENUM_CONVERSION = YES;
				CLANG_WARN_INT_CONVERSION = YES;
				CLANG_WARN_OBJC_ROOT_CLASS = YES_ERROR;
				CLANG_WARN_UNREACHABLE_CODE = YES;
				CLANG_WARN__DUPLICATE_METHOD_MATCH = YES;
				"CODE_SIGN_IDENTITY[sdk=iphoneos*]" = "iPhone Developer";
				COPY_PHASE_STRIP = NO;
				DEBUG_INFORMATION_FORMAT = "dwarf-with-dsym";
				ENABLE_NS_ASSERTIONS = NO;
				ENABLE_STRICT_OBJC_MSGSEND = YES;
				GCC_C_LANGUAGE_STANDARD = gnu99;
				GCC_NO_COMMON_BLOCKS = YES;
				GCC_WARN_64_TO_32_BIT_CONVERSION = YES;
				GCC_WARN_ABOUT_RETURN_TYPE = YES_ERROR;
				GCC_WARN_UNDECLARED_SELECTOR = YES;
				GCC_WARN_UNINITIALIZED_AUTOS = YES_AGGRESSIVE;
				GCC_WARN_UNUSED_FUNCTION = YES;
				GCC_WARN_UNUSED_VARIABLE = YES;
				IPHONEOS_DEPLOYMENT_TARGET = 9.0;
				MTL_ENABLE_DEBUG_INFO = NO;
				SDKROOT = iphoneos;
				TARGETED_DEVICE_FAMILY = "1,2";
				VALIDATE_PRODUCT = YES;
			};
			name = Release;
		};
		484E540E1C03F66F0017E92E /* Debug */ = {
			isa = XCBuildConfiguration;
			buildSettings = {
				ASSETCATALOG_COMPILER_APPICON_NAME = AppIcon;
				INFOPLIST_FILE = Dynamics/Info.plist;
				LD_RUNPATH_SEARCH_PATHS = "$(inherited) @executable_path/Frameworks";
				PRODUCT_BUNDLE_IDENTIFIER = com.stanley.Dynamics;
				PRODUCT_NAME = "$(TARGET_NAME)";
			};
			name = Debug;
		};
		484E540F1C03F66F0017E92E /* Release */ = {
			isa = XCBuildConfiguration;
			buildSettings = {
				ASSETCATALOG_COMPILER_APPICON_NAME = AppIcon;
				INFOPLIST_FILE = Dynamics/Info.plist;
				LD_RUNPATH_SEARCH_PATHS = "$(inherited) @executable_path/Frameworks";
				PRODUCT_BUNDLE_IDENTIFIER = com.stanley.Dynamics;
				PRODUCT_NAME = "$(TARGET_NAME)";
			};
			name = Release;
		};
		484E54111C03F66F0017E92E /* Debug */ = {
			isa = XCBuildConfiguration;
			buildSettings = {
				BUNDLE_LOADER = "$(TEST_HOST)";
				INFOPLIST_FILE = DynamicsTests/Info.plist;
				LD_RUNPATH_SEARCH_PATHS = "$(inherited) @executable_path/Frameworks @loader_path/Frameworks";
				PRODUCT_BUNDLE_IDENTIFIER = com.stanley.DynamicsTests;
				PRODUCT_NAME = "$(TARGET_NAME)";
				TEST_HOST = "$(BUILT_PRODUCTS_DIR)/Dynamics.app/Dynamics";
			};
			name = Debug;
		};
		484E54121C03F66F0017E92E /* Release */ = {
			isa = XCBuildConfiguration;
			buildSettings = {
				BUNDLE_LOADER = "$(TEST_HOST)";
				INFOPLIST_FILE = DynamicsTests/Info.plist;
				LD_RUNPATH_SEARCH_PATHS = "$(inherited) @executable_path/Frameworks @loader_path/Frameworks";
				PRODUCT_BUNDLE_IDENTIFIER = com.stanley.DynamicsTests;
				PRODUCT_NAME = "$(TARGET_NAME)";
				TEST_HOST = "$(BUILT_PRODUCTS_DIR)/Dynamics.app/Dynamics";
			};
			name = Release;
		};
		484E54141C03F66F0017E92E /* Debug */ = {
			isa = XCBuildConfiguration;
			buildSettings = {
				INFOPLIST_FILE = DynamicsUITests/Info.plist;
				LD_RUNPATH_SEARCH_PATHS = "$(inherited) @executable_path/Frameworks @loader_path/Frameworks";
				PRODUCT_BUNDLE_IDENTIFIER = com.stanley.DynamicsUITests;
				PRODUCT_NAME = "$(TARGET_NAME)";
				TEST_TARGET_NAME = Dynamics;
				USES_XCTRUNNER = YES;
			};
			name = Debug;
		};
		484E54151C03F66F0017E92E /* Release */ = {
			isa = XCBuildConfiguration;
			buildSettings = {
				INFOPLIST_FILE = DynamicsUITests/Info.plist;
				LD_RUNPATH_SEARCH_PATHS = "$(inherited) @executable_path/Frameworks @loader_path/Frameworks";
				PRODUCT_BUNDLE_IDENTIFIER = com.stanley.DynamicsUITests;
				PRODUCT_NAME = "$(TARGET_NAME)";
				TEST_TARGET_NAME = Dynamics;
				USES_XCTRUNNER = YES;
			};
			name = Release;
		};
/* End XCBuildConfiguration section */

/* Begin XCConfigurationList section */
		484E53E01C03F66F0017E92E /* Build configuration list for PBXProject "Dynamics" */ = {
			isa = XCConfigurationList;
			buildConfigurations = (
				484E540B1C03F66F0017E92E /* Debug */,
				484E540C1C03F66F0017E92E /* Release */,
			);
			defaultConfigurationIsVisible = 0;
			defaultConfigurationName = Release;
		};
		484E540D1C03F66F0017E92E /* Build configuration list for PBXNativeTarget "Dynamics" */ = {
			isa = XCConfigurationList;
			buildConfigurations = (
				484E540E1C03F66F0017E92E /* Debug */,
				484E540F1C03F66F0017E92E /* Release */,
			);
			defaultConfigurationIsVisible = 0;
		};
		484E54101C03F66F0017E92E /* Build configuration list for PBXNativeTarget "DynamicsTests" */ = {
			isa = XCConfigurationList;
			buildConfigurations = (
				484E54111C03F66F0017E92E /* Debug */,
				484E54121C03F66F0017E92E /* Release */,
			);
			defaultConfigurationIsVisible = 0;
		};
		484E54131C03F66F0017E92E /* Build configuration list for PBXNativeTarget "DynamicsUITests" */ = {
			isa = XCConfigurationList;
			buildConfigurations = (
				484E54141C03F66F0017E92E /* Debug */,
				484E54151C03F66F0017E92E /* Release */,
			);
			defaultConfigurationIsVisible = 0;
		};
/* End XCConfigurationList section */
	};
	rootObject = 484E53DD1C03F66F0017E92E /* Project object */;
}
